// !$*UTF8*$!
{
	archiveVersion = 1;
	classes = {
	};
	objectVersion = 50;
	objects = {

/* Begin PBXBuildFile section */
		BFB18F37227A11E5006C79FE /* main.cpp in Sources */ = {isa = PBXBuildFile; fileRef = BFB18F36227A11E5006C79FE /* main.cpp */; };
/* End PBXBuildFile section */

/* Begin PBXFileReference section */
		BFB18F33227A11E5006C79FE /* CatcherInTheRye */ = {isa = PBXFileReference; explicitFileType = "compiled.mach-o.executable"; includeInIndex = 0; path = CatcherInTheRye; sourceTree = BUILT_PRODUCTS_DIR; };
		BFB18F36227A11E5006C79FE /* main.cpp */ = {isa = PBXFileReference; lastKnownFileType = sourcecode.cpp.cpp; path = main.cpp; sourceTree = "<group>"; };
		BFB18F39227A11E5006C79FE /* cute_image.jpg */ = {isa = PBXFileReference; lastKnownFileType = image.jpeg; path = cute_image.jpg; sourceTree = "<group>"; };
		BFB18F3A227A11E5006C79FE /* nice_music.ogg */ = {isa = PBXFileReference; lastKnownFileType = file; path = nice_music.ogg; sourceTree = "<group>"; };
		BFB18F3B227A11E5006C79FE /* sansation.ttf */ = {isa = PBXFileReference; lastKnownFileType = file; path = sansation.ttf; sourceTree = "<group>"; };
		BFB18F3C227A11E5006C79FE /* icon.png */ = {isa = PBXFileReference; lastKnownFileType = image.png; path = icon.png; sourceTree = "<group>"; };
/* End PBXFileReference section */

/* Begin PBXFrameworksBuildPhase section */
		BFB18F31227A11E5006C79FE /* Frameworks */ = {
			isa = PBXFrameworksBuildPhase;
			buildActionMask = 2147483647;
			files = (
			);
			runOnlyForDeploymentPostprocessing = 0;
		};
/* End PBXFrameworksBuildPhase section */

/* Begin PBXGroup section */
		BFB18F2B227A11E5006C79FE = {
			isa = PBXGroup;
			children = (
				BFB18F35227A11E5006C79FE /* CatcherInTheRye */,
				BFB18F34227A11E5006C79FE /* Products */,
			);
			sourceTree = "<group>";
		};
		BFB18F34227A11E5006C79FE /* Products */ = {
			isa = PBXGroup;
			children = (
				BFB18F33227A11E5006C79FE /* CatcherInTheRye */,
			);
			name = Products;
			sourceTree = "<group>";
		};
		BFB18F35227A11E5006C79FE /* CatcherInTheRye */ = {
			isa = PBXGroup;
			children = (
				BFB18F36227A11E5006C79FE /* main.cpp */,
				BFB18F38227A11E5006C79FE /* Resources */,
			);
			path = CatcherInTheRye;
			sourceTree = "<group>";
		};
		BFB18F38227A11E5006C79FE /* Resources */ = {
			isa = PBXGroup;
			children = (
				BFB18F39227A11E5006C79FE /* cute_image.jpg */,
				BFB18F3A227A11E5006C79FE /* nice_music.ogg */,
				BFB18F3B227A11E5006C79FE /* sansation.ttf */,
				BFB18F3C227A11E5006C79FE /* icon.png */,
			);
			name = Resources;
			sourceTree = "<group>";
		};
/* End PBXGroup section */

/* Begin PBXNativeTarget section */
		BFB18F32227A11E5006C79FE /* CatcherInTheRye */ = {
			isa = PBXNativeTarget;
			buildConfigurationList = BFB18F3F227A11E5006C79FE /* Build configuration list for PBXNativeTarget "CatcherInTheRye" */;
			buildPhases = (
				BFB18F30227A11E5006C79FE /* Sources */,
				BFB18F31227A11E5006C79FE /* Frameworks */,
			);
			buildRules = (
			);
			dependencies = (
			);
			name = CatcherInTheRye;
			productName = CatcherInTheRye;
			productReference = BFB18F33227A11E5006C79FE /* CatcherInTheRye */;
			productType = "com.apple.product-type.tool";
		};
/* End PBXNativeTarget section */

/* Begin PBXProject section */
		BFB18F2C227A11E5006C79FE /* Project object */ = {
			isa = PBXProject;
			attributes = {
				LastUpgradeCheck = 1020;
				ORGANIZATIONNAME = "Ronald Tran";
				TargetAttributes = {
					BFB18F32227A11E5006C79FE = {
						CreatedOnToolsVersion = 10.2.1;
					};
				};
			};
			buildConfigurationList = BFB18F2F227A11E5006C79FE /* Build configuration list for PBXProject "CatcherInTheRye" */;
			compatibilityVersion = "Xcode 9.3";
			developmentRegion = en;
			hasScannedForEncodings = 0;
			knownRegions = (
				en,
			);
			mainGroup = BFB18F2B227A11E5006C79FE;
			productRefGroup = BFB18F34227A11E5006C79FE /* Products */;
			projectDirPath = "";
			projectRoot = "";
			targets = (
				BFB18F32227A11E5006C79FE /* CatcherInTheRye */,
			);
		};
/* End PBXProject section */

/* Begin PBXSourcesBuildPhase section */
		BFB18F30227A11E5006C79FE /* Sources */ = {
			isa = PBXSourcesBuildPhase;
			buildActionMask = 2147483647;
			files = (
				BFB18F37227A11E5006C79FE /* main.cpp in Sources */,
			);
			runOnlyForDeploymentPostprocessing = 0;
		};
/* End PBXSourcesBuildPhase section */

/* Begin XCBuildConfiguration section */
		BFB18F3D227A11E5006C79FE /* Debug */ = {
			isa = XCBuildConfiguration;
			buildSettings = {
				ARCHS = "$(NATIVE_ARCH_ACTUAL)";
				CLANG_CXX_LANGUAGE_STANDARD = "c++11";
				CLANG_CXX_LIBRARY = "libc++";
				FRAMEWORK_SEARCH_PATHS = (
					/Library/Frameworks/,
					"$(inherited)",
				);
				GCC_VERSION = com.apple.compilers.llvm.clang.1_0;
				HEADER_SEARCH_PATHS = (
					/usr/local/include/,
					"$(inherited)",
				);
				LIBRARY_SEARCH_PATHS = (
					/usr/local/lib/,
					"$(inherited)",
				);
				MACOSX_DEPLOYMENT_TARGET = 10.7;
				OTHER_LDFLAGS = (
					"$(inherited)",
					"$(SFML_SYSTEM)",
					"$(SFML_WINDOW)",
					"$(SFML_GRAPHICS)",
					"$(SFML_AUDIO)",
					"$(SFML_NETWORK)",
				);
				SFML_AUDIO = "$(SFML_LINK_PREFIX) sfml-audio$(SFML_LINK_SUFFIX)";
				SFML_BINARY_TYPE = FRAMEWORKS;
				SFML_GRAPHICS = "$(SFML_LINK_PREFIX) sfml-graphics$(SFML_LINK_SUFFIX)";
				SFML_LINK_DYLIBS_PREFIX = "-l";
				SFML_LINK_DYLIBS_SUFFIX = "";
				SFML_LINK_FRAMEWORKS_PREFIX = "-framework";
				SFML_LINK_FRAMEWORKS_SUFFIX = "";
				SFML_LINK_PREFIX = "$(SFML_LINK_$(SFML_BINARY_TYPE)_PREFIX)";
				SFML_LINK_SUFFIX = "$(SFML_LINK_$(SFML_BINARY_TYPE)_SUFFIX)";
				SFML_NETWORK = "$(SFML_LINK_PREFIX) sfml-network$(SFML_LINK_SUFFIX)";
				SFML_SYSTEM = "$(SFML_LINK_PREFIX) sfml-system$(SFML_LINK_SUFFIX)";
				SFML_WINDOW = "$(SFML_LINK_PREFIX) sfml-window$(SFML_LINK_SUFFIX)";
				SUPPORTED_PLATFORMS = macosx;
			};
			name = Debug;
		};
		BFB18F3E227A11E5006C79FE /* Release */ = {
			isa = XCBuildConfiguration;
			buildSettings = {
				ARCHS = "$(NATIVE_ARCH_ACTUAL)";
				CLANG_CXX_LANGUAGE_STANDARD = "c++11";
				CLANG_CXX_LIBRARY = "libc++";
				FRAMEWORK_SEARCH_PATHS = (
					/Library/Frameworks/,
					"$(inherited)",
				);
				GCC_VERSION = com.apple.compilers.llvm.clang.1_0;
				HEADER_SEARCH_PATHS = (
					/usr/local/include/,
					"$(inherited)",
				);
				LIBRARY_SEARCH_PATHS = (
					/usr/local/lib/,
					"$(inherited)",
				);
				MACOSX_DEPLOYMENT_TARGET = 10.7;
				OTHER_LDFLAGS = (
					"$(inherited)",
					"$(SFML_SYSTEM)",
					"$(SFML_WINDOW)",
					"$(SFML_GRAPHICS)",
					"$(SFML_AUDIO)",
					"$(SFML_NETWORK)",
				);
				SFML_AUDIO = "$(SFML_LINK_PREFIX) sfml-audio$(SFML_LINK_SUFFIX)";
				SFML_BINARY_TYPE = FRAMEWORKS;
				SFML_GRAPHICS = "$(SFML_LINK_PREFIX) sfml-graphics$(SFML_LINK_SUFFIX)";
				SFML_LINK_DYLIBS_PREFIX = "-l";
				SFML_LINK_DYLIBS_SUFFIX = "";
				SFML_LINK_FRAMEWORKS_PREFIX = "-framework";
				SFML_LINK_FRAMEWORKS_SUFFIX = "";
				SFML_LINK_PREFIX = "$(SFML_LINK_$(SFML_BINARY_TYPE)_PREFIX)";
				SFML_LINK_SUFFIX = "$(SFML_LINK_$(SFML_BINARY_TYPE)_SUFFIX)";
				SFML_NETWORK = "$(SFML_LINK_PREFIX) sfml-network$(SFML_LINK_SUFFIX)";
				SFML_SYSTEM = "$(SFML_LINK_PREFIX) sfml-system$(SFML_LINK_SUFFIX)";
				SFML_WINDOW = "$(SFML_LINK_PREFIX) sfml-window$(SFML_LINK_SUFFIX)";
				SUPPORTED_PLATFORMS = macosx;
			};
			name = Release;
		};
		BFB18F40227A11E5006C79FE /* Debug */ = {
			isa = XCBuildConfiguration;
			buildSettings = {
				CODE_SIGN_STYLE = Automatic;
				PRODUCT_NAME = "$(TARGET_NAME)";
			};
			name = Debug;
		};
		BFB18F41227A11E5006C79FE /* Release */ = {
			isa = XCBuildConfiguration;
			buildSettings = {
				CODE_SIGN_STYLE = Automatic;
				PRODUCT_NAME = "$(TARGET_NAME)";
			};
			name = Release;
		};
/* End XCBuildConfiguration section */

/* Begin XCConfigurationList section */
		BFB18F2F227A11E5006C79FE /* Build configuration list for PBXProject "CatcherInTheRye" */ = {
			isa = XCConfigurationList;
			buildConfigurations = (
				BFB18F3D227A11E5006C79FE /* Debug */,
				BFB18F3E227A11E5006C79FE /* Release */,
			);
			defaultConfigurationIsVisible = 0;
			defaultConfigurationName = Release;
		};
		BFB18F3F227A11E5006C79FE /* Build configuration list for PBXNativeTarget "CatcherInTheRye" */ = {
			isa = XCConfigurationList;
			buildConfigurations = (
				BFB18F40227A11E5006C79FE /* Debug */,
				BFB18F41227A11E5006C79FE /* Release */,
			);
			defaultConfigurationIsVisible = 0;
			defaultConfigurationName = Release;
		};
/* End XCConfigurationList section */
	};
	rootObject = BFB18F2C227A11E5006C79FE /* Project object */;
}
